{"format_version":"1.2","terraform_version":"1.13.5","planned_values":{"root_module":{"resources":[{"address":"aws_cloudtrail.example","mode":"managed","type":"aws_cloudtrail","name":"example","provider_name":"registry.terraform.io/hashicorp/aws","schema_version":1,"values":{"advanced_event_selector":[],"cloud_watch_logs_group_arn":null,"cloud_watch_logs_role_arn":null,"enable_log_file_validation":true,"enable_logging":true,"event_selector":[],"include_global_service_events":true,"insight_selector":[],"is_multi_region_trail":true,"is_organization_trail":false,"kms_key_id":null,"name":"example-trail","region":"us-east-1","s3_bucket_name":"my-compliance-test-bucket","s3_key_prefix":null,"sns_topic_name":null,"tags":null},"sensitive_values":{"advanced_event_selector":[],"event_selector":[],"insight_selector":[],"tags_all":{}},"identity_schema_version":0,"identity":{"arn":null}},{"address":"aws_s3_bucket.example","mode":"managed","type":"aws_s3_bucket","name":"example","provider_name":"registry.terraform.io/hashicorp/aws","schema_version":0,"values":{"acl":"public-read","bucket":"my-compliance-test-bucket","force_destroy":false,"region":"us-east-1","tags":null,"timeouts":null},"sensitive_values":{"cors_rule":[],"grant":[],"lifecycle_rule":[],"logging":[],"object_lock_configuration":[],"replication_configuration":[],"server_side_encryption_configuration":[],"tags_all":{},"versioning":[],"website":[]},"identity_schema_version":0,"identity":{"account_id":null,"bucket":null,"region":null}},{"address":"aws_s3_bucket_server_side_encryption_configuration.example","mode":"managed","type":"aws_s3_bucket_server_side_encryption_configuration","name":"example","provider_name":"registry.terraform.io/hashicorp/aws","schema_version":0,"values":{"bucket":"my-compliance-test-bucket","expected_bucket_owner":null,"region":"us-east-1","rule":[{"apply_server_side_encryption_by_default":[{"kms_master_key_id":"","sse_algorithm":"AES256"}],"bucket_key_enabled":null}]},"sensitive_values":{"rule":[{"apply_server_side_encryption_by_default":[{}]}]},"identity_schema_version":0,"identity":{"account_id":null,"bucket":null,"expected_bucket_owner":null,"region":null}}]}},"resource_changes":[{"address":"aws_cloudtrail.example","mode":"managed","type":"aws_cloudtrail","name":"example","provider_name":"registry.terraform.io/hashicorp/aws","change":{"actions":["create"],"before":null,"after":{"advanced_event_selector":[],"cloud_watch_logs_group_arn":null,"cloud_watch_logs_role_arn":null,"enable_log_file_validation":true,"enable_logging":true,"event_selector":[],"include_global_service_events":true,"insight_selector":[],"is_multi_region_trail":true,"is_organization_trail":false,"kms_key_id":null,"name":"example-trail","region":"us-east-1","s3_bucket_name":"my-compliance-test-bucket","s3_key_prefix":null,"sns_topic_name":null,"tags":null},"after_unknown":{"advanced_event_selector":[],"arn":true,"event_selector":[],"home_region":true,"id":true,"insight_selector":[],"sns_topic_arn":true,"tags_all":true},"before_sensitive":false,"after_sensitive":{"advanced_event_selector":[],"event_selector":[],"insight_selector":[],"tags_all":{}},"after_identity":{"arn":null}}},{"address":"aws_s3_bucket.example","mode":"managed","type":"aws_s3_bucket","name":"example","provider_name":"registry.terraform.io/hashicorp/aws","change":{"actions":["create"],"before":null,"after":{"acl":"public-read","bucket":"my-compliance-test-bucket","force_destroy":false,"region":"us-east-1","tags":null,"timeouts":null},"after_unknown":{"acceleration_status":true,"arn":true,"bucket_domain_name":true,"bucket_prefix":true,"bucket_region":true,"bucket_regional_domain_name":true,"cors_rule":true,"grant":true,"hosted_zone_id":true,"id":true,"lifecycle_rule":true,"logging":true,"object_lock_configuration":true,"object_lock_enabled":true,"policy":true,"replication_configuration":true,"request_payer":true,"server_side_encryption_configuration":true,"tags_all":true,"versioning":true,"website":true,"website_domain":true,"website_endpoint":true},"before_sensitive":false,"after_sensitive":{"cors_rule":[],"grant":[],"lifecycle_rule":[],"logging":[],"object_lock_configuration":[],"replication_configuration":[],"server_side_encryption_configuration":[],"tags_all":{},"versioning":[],"website":[]},"after_identity":{"account_id":null,"bucket":null,"region":null}}},{"address":"aws_s3_bucket_server_side_encryption_configuration.example","mode":"managed","type":"aws_s3_bucket_server_side_encryption_configuration","name":"example","provider_name":"registry.terraform.io/hashicorp/aws","change":{"actions":["create"],"before":null,"after":{"bucket":"my-compliance-test-bucket","expected_bucket_owner":null,"region":"us-east-1","rule":[{"apply_server_side_encryption_by_default":[{"kms_master_key_id":"","sse_algorithm":"AES256"}],"bucket_key_enabled":null}]},"after_unknown":{"id":true,"rule":[{"apply_server_side_encryption_by_default":[{}]}]},"before_sensitive":false,"after_sensitive":{"rule":[{"apply_server_side_encryption_by_default":[{}]}]},"after_identity":{"account_id":null,"bucket":null,"expected_bucket_owner":null,"region":null}}}],"configuration":{"provider_config":{"aws":{"name":"aws","full_name":"registry.terraform.io/hashicorp/aws","expressions":{"region":{"constant_value":"us-east-1"}}}},"root_module":{"resources":[{"address":"aws_cloudtrail.example","mode":"managed","type":"aws_cloudtrail","name":"example","provider_config_key":"aws","expressions":{"enable_log_file_validation":{"constant_value":true},"is_multi_region_trail":{"constant_value":true},"name":{"constant_value":"example-trail"},"s3_bucket_name":{"constant_value":"my-compliance-test-bucket"}},"schema_version":1},{"address":"aws_s3_bucket.example","mode":"managed","type":"aws_s3_bucket","name":"example","provider_config_key":"aws","expressions":{"acl":{"constant_value":"public-read"},"bucket":{"constant_value":"my-compliance-test-bucket"}},"schema_version":0},{"address":"aws_s3_bucket_server_side_encryption_configuration.example","mode":"managed","type":"aws_s3_bucket_server_side_encryption_configuration","name":"example","provider_config_key":"aws","expressions":{"bucket":{"references":["aws_s3_bucket.example.bucket","aws_s3_bucket.example"]},"rule":[{"apply_server_side_encryption_by_default":[{"sse_algorithm":{"constant_value":"AES256"}}]}]},"schema_version":0}]}},"relevant_attributes":[{"resource":"aws_s3_bucket.example","attribute":["bucket"]}],"timestamp":"2025-11-10T18:52:38Z","applyable":true,"complete":true,"errored":false}
